// !$*UTF8*$!
{
	archiveVersion = 1;
	classes = {
	};
	objectVersion = 46;
	objects = {

/* Begin PBXBuildFile section */
		C26DCA481B5CD5BE00C5C4E7 /* main.m in Sources */ = {isa = PBXBuildFile; fileRef = C26DCA471B5CD5BE00C5C4E7 /* main.m */; };
		C26DCA4B1B5CD5BE00C5C4E7 /* AppDelegate.m in Sources */ = {isa = PBXBuildFile; fileRef = C26DCA4A1B5CD5BE00C5C4E7 /* AppDelegate.m */; };
		C26DCA4E1B5CD5BE00C5C4E7 /* ViewController.m in Sources */ = {isa = PBXBuildFile; fileRef = C26DCA4D1B5CD5BE00C5C4E7 /* ViewController.m */; };
		C26DCA511B5CD5BE00C5C4E7 /* Main.storyboard in Resources */ = {isa = PBXBuildFile; fileRef = C26DCA4F1B5CD5BE00C5C4E7 /* Main.storyboard */; };
		C26DCA531B5CD5BE00C5C4E7 /* Images.xcassets in Resources */ = {isa = PBXBuildFile; fileRef = C26DCA521B5CD5BE00C5C4E7 /* Images.xcassets */; };
		C26DCA561B5CD5BE00C5C4E7 /* LaunchScreen.xib in Resources */ = {isa = PBXBuildFile; fileRef = C26DCA541B5CD5BE00C5C4E7 /* LaunchScreen.xib */; };
		C26DCA621B5CD5BE00C5C4E7 /* MusicsTests.m in Sources */ = {isa = PBXBuildFile; fileRef = C26DCA611B5CD5BE00C5C4E7 /* MusicsTests.m */; };
/* End PBXBuildFile section */

/* Begin PBXContainerItemProxy section */
		C26DCA5C1B5CD5BE00C5C4E7 /* PBXContainerItemProxy */ = {
			isa = PBXContainerItemProxy;
			containerPortal = C26DCA3A1B5CD5BE00C5C4E7 /* Project object */;
			proxyType = 1;
			remoteGlobalIDString = C26DCA411B5CD5BE00C5C4E7;
			remoteInfo = Musics;
		};
/* End PBXContainerItemProxy section */

/* Begin PBXFileReference section */
		C26DCA421B5CD5BE00C5C4E7 /* Musics.app */ = {isa = PBXFileReference; explicitFileType = wrapper.application; includeInIndex = 0; path = Musics.app; sourceTree = BUILT_PRODUCTS_DIR; };
		C26DCA461B5CD5BE00C5C4E7 /* Info.plist */ = {isa = PBXFileReference; lastKnownFileType = text.plist.xml; path = Info.plist; sourceTree = "<group>"; };
		C26DCA471B5CD5BE00C5C4E7 /* main.m */ = {isa = PBXFileReference; lastKnownFileType = sourcecode.c.objc; path = main.m; sourceTree = "<group>"; };
		C26DCA491B5CD5BE00C5C4E7 /* AppDelegate.h */ = {isa = PBXFileReference; lastKnownFileType = sourcecode.c.h; path = AppDelegate.h; sourceTree = "<group>"; };
		C26DCA4A1B5CD5BE00C5C4E7 /* AppDelegate.m */ = {isa = PBXFileReference; lastKnownFileType = sourcecode.c.objc; path = AppDelegate.m; sourceTree = "<group>"; };
		C26DCA4C1B5CD5BE00C5C4E7 /* ViewController.h */ = {isa = PBXFileReference; lastKnownFileType = sourcecode.c.h; path = ViewController.h; sourceTree = "<group>"; };
		C26DCA4D1B5CD5BE00C5C4E7 /* ViewController.m */ = {isa = PBXFileReference; lastKnownFileType = sourcecode.c.objc; path = ViewController.m; sourceTree = "<group>"; };
		C26DCA501B5CD5BE00C5C4E7 /* Base */ = {isa = PBXFileReference; lastKnownFileType = file.storyboard; name = Base; path = Base.lproj/Main.storyboard; sourceTree = "<group>"; };
		C26DCA521B5CD5BE00C5C4E7 /* Images.xcassets */ = {isa = PBXFileReference; lastKnownFileType = folder.assetcatalog; path = Images.xcassets; sourceTree = "<group>"; };
		C26DCA551B5CD5BE00C5C4E7 /* Base */ = {isa = PBXFileReference; lastKnownFileType = file.xib; name = Base; path = Base.lproj/LaunchScreen.xib; sourceTree = "<group>"; };
		C26DCA5B1B5CD5BE00C5C4E7 /* MusicsTests.xctest */ = {isa = PBXFileReference; explicitFileType = wrapper.cfbundle; includeInIndex = 0; path = MusicsTests.xctest; sourceTree = BUILT_PRODUCTS_DIR; };
		C26DCA601B5CD5BE00C5C4E7 /* Info.plist */ = {isa = PBXFileReference; lastKnownFileType = text.plist.xml; path = Info.plist; sourceTree = "<group>"; };
		C26DCA611B5CD5BE00C5C4E7 /* MusicsTests.m */ = {isa = PBXFileReference; lastKnownFileType = sourcecode.c.objc; path = MusicsTests.m; sourceTree = "<group>"; };
/* End PBXFileReference section */

/* Begin PBXFrameworksBuildPhase section */
		C26DCA3F1B5CD5BE00C5C4E7 /* Frameworks */ = {
			isa = PBXFrameworksBuildPhase;
			buildActionMask = 2147483647;
			files = (
			);
			runOnlyForDeploymentPostprocessing = 0;
		};
		C26DCA581B5CD5BE00C5C4E7 /* Frameworks */ = {
			isa = PBXFrameworksBuildPhase;
			buildActionMask = 2147483647;
			files = (
			);
			runOnlyForDeploymentPostprocessing = 0;
		};
/* End PBXFrameworksBuildPhase section */

/* Begin PBXGroup section */
		C26DCA391B5CD5BE00C5C4E7 = {
			isa = PBXGroup;
			children = (
				C26DCA441B5CD5BE00C5C4E7 /* Musics */,
				C26DCA5E1B5CD5BE00C5C4E7 /* MusicsTests */,
				C26DCA431B5CD5BE00C5C4E7 /* Products */,
			);
			sourceTree = "<group>";
		};
		C26DCA431B5CD5BE00C5C4E7 /* Products */ = {
			isa = PBXGroup;
			children = (
				C26DCA421B5CD5BE00C5C4E7 /* Musics.app */,
				C26DCA5B1B5CD5BE00C5C4E7 /* MusicsTests.xctest */,
			);
			name = Products;
			sourceTree = "<group>";
		};
		C26DCA441B5CD5BE00C5C4E7 /* Musics */ = {
			isa = PBXGroup;
			children = (
				C26DCA491B5CD5BE00C5C4E7 /* AppDelegate.h */,
				C26DCA4A1B5CD5BE00C5C4E7 /* AppDelegate.m */,
				C26DCA4C1B5CD5BE00C5C4E7 /* ViewController.h */,
				C26DCA4D1B5CD5BE00C5C4E7 /* ViewController.m */,
				C26DCA4F1B5CD5BE00C5C4E7 /* Main.storyboard */,
				C26DCA521B5CD5BE00C5C4E7 /* Images.xcassets */,
				C26DCA541B5CD5BE00C5C4E7 /* LaunchScreen.xib */,
				C26DCA451B5CD5BE00C5C4E7 /* Supporting Files */,
			);
			path = Musics;
			sourceTree = "<group>";
		};
		C26DCA451B5CD5BE00C5C4E7 /* Supporting Files */ = {
			isa = PBXGroup;
			children = (
				C26DCA461B5CD5BE00C5C4E7 /* Info.plist */,
				C26DCA471B5CD5BE00C5C4E7 /* main.m */,
			);
			name = "Supporting Files";
			sourceTree = "<group>";
		};
		C26DCA5E1B5CD5BE00C5C4E7 /* MusicsTests */ = {
			isa = PBXGroup;
			children = (
				C26DCA611B5CD5BE00C5C4E7 /* MusicsTests.m */,
				C26DCA5F1B5CD5BE00C5C4E7 /* Supporting Files */,
			);
			path = MusicsTests;
			sourceTree = "<group>";
		};
		C26DCA5F1B5CD5BE00C5C4E7 /* Supporting Files */ = {
			isa = PBXGroup;
			children = (
				C26DCA601B5CD5BE00C5C4E7 /* Info.plist */,
			);
			name = "Supporting Files";
			sourceTree = "<group>";
		};
/* End PBXGroup section */

/* Begin PBXNativeTarget section */
		C26DCA411B5CD5BE00C5C4E7 /* Musics */ = {
			isa = PBXNativeTarget;
			buildConfigurationList = C26DCA651B5CD5BE00C5C4E7 /* Build configuration list for PBXNativeTarget "Musics" */;
			buildPhases = (
				C26DCA3E1B5CD5BE00C5C4E7 /* Sources */,
				C26DCA3F1B5CD5BE00C5C4E7 /* Frameworks */,
				C26DCA401B5CD5BE00C5C4E7 /* Resources */,
			);
			buildRules = (
			);
			dependencies = (
			);
			name = Musics;
			productName = Musics;
			productReference = C26DCA421B5CD5BE00C5C4E7 /* Musics.app */;
			productType = "com.apple.product-type.application";
		};
		C26DCA5A1B5CD5BE00C5C4E7 /* MusicsTests */ = {
			isa = PBXNativeTarget;
			buildConfigurationList = C26DCA681B5CD5BE00C5C4E7 /* Build configuration list for PBXNativeTarget "MusicsTests" */;
			buildPhases = (
				C26DCA571B5CD5BE00C5C4E7 /* Sources */,
				C26DCA581B5CD5BE00C5C4E7 /* Frameworks */,
				C26DCA591B5CD5BE00C5C4E7 /* Resources */,
			);
			buildRules = (
			);
			dependencies = (
				C26DCA5D1B5CD5BE00C5C4E7 /* PBXTargetDependency */,
			);
			name = MusicsTests;
			productName = MusicsTests;
			productReference = C26DCA5B1B5CD5BE00C5C4E7 /* MusicsTests.xctest */;
			productType = "com.apple.product-type.bundle.unit-test";
		};
/* End PBXNativeTarget section */

/* Begin PBXProject section */
		C26DCA3A1B5CD5BE00C5C4E7 /* Project object */ = {
			isa = PBXProject;
			attributes = {
				LastUpgradeCheck = 0630;
				ORGANIZATIONNAME = guofeng;
				TargetAttributes = {
					C26DCA411B5CD5BE00C5C4E7 = {
						CreatedOnToolsVersion = 6.3;
					};
					C26DCA5A1B5CD5BE00C5C4E7 = {
						CreatedOnToolsVersion = 6.3;
						TestTargetID = C26DCA411B5CD5BE00C5C4E7;
					};
				};
			};
			buildConfigurationList = C26DCA3D1B5CD5BE00C5C4E7 /* Build configuration list for PBXProject "Musics" */;
			compatibilityVersion = "Xcode 3.2";
			developmentRegion = English;
			hasScannedForEncodings = 0;
			knownRegions = (
				en,
				Base,
			);
			mainGroup = C26DCA391B5CD5BE00C5C4E7;
			productRefGroup = C26DCA431B5CD5BE00C5C4E7 /* Products */;
			projectDirPath = "";
			projectRoot = "";
			targets = (
				C26DCA411B5CD5BE00C5C4E7 /* Musics */,
				C26DCA5A1B5CD5BE00C5C4E7 /* MusicsTests */,
			);
		};
/* End PBXProject section */

/* Begin PBXResourcesBuildPhase section */
		C26DCA401B5CD5BE00C5C4E7 /* Resources */ = {
			isa = PBXResourcesBuildPhase;
			buildActionMask = 2147483647;
			files = (
				C26DCA511B5CD5BE00C5C4E7 /* Main.storyboard in Resources */,
				C26DCA561B5CD5BE00C5C4E7 /* LaunchScreen.xib in Resources */,
				C26DCA531B5CD5BE00C5C4E7 /* Images.xcassets in Resources */,
			);
			runOnlyForDeploymentPostprocessing = 0;
		};
		C26DCA591B5CD5BE00C5C4E7 /* Resources */ = {
			isa = PBXResourcesBuildPhase;
			buildActionMask = 2147483647;
			files = (
			);
			runOnlyForDeploymentPostprocessing = 0;
		};
/* End PBXResourcesBuildPhase section */

/* Begin PBXSourcesBuildPhase section */
		C26DCA3E1B5CD5BE00C5C4E7 /* Sources */ = {
			isa = PBXSourcesBuildPhase;
			buildActionMask = 2147483647;
			files = (
				C26DCA4E1B5CD5BE00C5C4E7 /* ViewController.m in Sources */,
				C26DCA4B1B5CD5BE00C5C4E7 /* AppDelegate.m in Sources */,
				C26DCA481B5CD5BE00C5C4E7 /* main.m in Sources */,
			);
			runOnlyForDeploymentPostprocessing = 0;
		};
		C26DCA571B5CD5BE00C5C4E7 /* Sources */ = {
			isa = PBXSourcesBuildPhase;
			buildActionMask = 2147483647;
			files = (
				C26DCA621B5CD5BE00C5C4E7 /* MusicsTests.m in Sources */,
			);
			runOnlyForDeploymentPostprocessing = 0;
		};
/* End PBXSourcesBuildPhase section */

/* Begin PBXTargetDependency section */
		C26DCA5D1B5CD5BE00C5C4E7 /* PBXTargetDependency */ = {
			isa = PBXTargetDependency;
			target = C26DCA411B5CD5BE00C5C4E7 /* Musics */;
			targetProxy = C26DCA5C1B5CD5BE00C5C4E7 /* PBXContainerItemProxy */;
		};
/* End PBXTargetDependency section */

/* Begin PBXVariantGroup section */
		C26DCA4F1B5CD5BE00C5C4E7 /* Main.storyboard */ = {
			isa = PBXVariantGroup;
			children = (
				C26DCA501B5CD5BE00C5C4E7 /* Base */,
			);
			name = Main.storyboard;
			sourceTree = "<group>";
		};
		C26DCA541B5CD5BE00C5C4E7 /* LaunchScreen.xib */ = {
			isa = PBXVariantGroup;
			children = (
				C26DCA551B5CD5BE00C5C4E7 /* Base */,
			);
			name = LaunchScreen.xib;
			sourceTree = "<group>";
		};
/* End PBXVariantGroup section */

/* Begin XCBuildConfiguration section */
		C26DCA631B5CD5BE00C5C4E7 /* Debug */ = {
			isa = XCBuildConfiguration;
			buildSettings = {
				ALWAYS_SEARCH_USER_PATHS = NO;
				CLANG_CXX_LANGUAGE_STANDARD = "gnu++0x";
				CLANG_CXX_LIBRARY = "libc++";
				CLANG_ENABLE_MODULES = YES;
				CLANG_ENABLE_OBJC_ARC = YES;
				CLANG_WARN_BOOL_CONVERSION = YES;
				CLANG_WARN_CONSTANT_CONVERSION = YES;
				CLANG_WARN_DIRECT_OBJC_ISA_USAGE = YES_ERROR;
				CLANG_WARN_EMPTY_BODY = YES;
				CLANG_WARN_ENUM_CONVERSION = YES;
				CLANG_WARN_INT_CONVERSION = YES;
				CLANG_WARN_OBJC_ROOT_CLASS = YES_ERROR;
				CLANG_WARN_UNREACHABLE_CODE = YES;
				CLANG_WARN__DUPLICATE_METHOD_MATCH = YES;
				"CODE_SIGN_IDENTITY[sdk=iphoneos*]" = "iPhone Developer";
				COPY_PHASE_STRIP = NO;
				DEBUG_INFORMATION_FORMAT = "dwarf-with-dsym";
				ENABLE_STRICT_OBJC_MSGSEND = YES;
				GCC_C_LANGUAGE_STANDARD = gnu99;
				GCC_DYNAMIC_NO_PIC = NO;
				GCC_NO_COMMON_BLOCKS = YES;
				GCC_OPTIMIZATION_LEVEL = 0;
				GCC_PREPROCESSOR_DEFINITIONS = (
					"DEBUG=1",
					"$(inherited)",
				);
				GCC_SYMBOLS_PRIVATE_EXTERN = NO;
				GCC_WARN_64_TO_32_BIT_CONVERSION = YES;
				GCC_WARN_ABOUT_RETURN_TYPE = YES_ERROR;
				GCC_WARN_UNDECLARED_SELECTOR = YES;
				GCC_WARN_UNINITIALIZED_AUTOS = YES_AGGRESSIVE;
				GCC_WARN_UNUSED_FUNCTION = YES;
				GCC_WARN_UNUSED_VARIABLE = YES;
				IPHONEOS_DEPLOYMENT_TARGET = 8.3;
				MTL_ENABLE_DEBUG_INFO = YES;
				ONLY_ACTIVE_ARCH = YES;
				SDKROOT = iphoneos;
			};
			name = Debug;
		};
		C26DCA641B5CD5BE00C5C4E7 /* Release */ = {
			isa = XCBuildConfiguration;
			buildSettings = {
				ALWAYS_SEARCH_USER_PATHS = NO;
				CLANG_CXX_LANGUAGE_STANDARD = "gnu++0x";
				CLANG_CXX_LIBRARY = "libc++";
				CLANG_ENABLE_MODULES = YES;
				CLANG_ENABLE_OBJC_ARC = YES;
				CLANG_WARN_BOOL_CONVERSION = YES;
				CLANG_WARN_CONSTANT_CONVERSION = YES;
				CLANG_WARN_DIRECT_OBJC_ISA_USAGE = YES_ERROR;
				CLANG_WARN_EMPTY_BODY = YES;
				CLANG_WARN_ENUM_CONVERSION = YES;
				CLANG_WARN_INT_CONVERSION = YES;
				CLANG_WARN_OBJC_ROOT_CLASS = YES_ERROR;
				CLANG_WARN_UNREACHABLE_CODE = YES;
				CLANG_WARN__DUPLICATE_METHOD_MATCH = YES;
				"CODE_SIGN_IDENTITY[sdk=iphoneos*]" = "iPhone Developer";
				COPY_PHASE_STRIP = NO;
				DEBUG_INFORMATION_FORMAT = "dwarf-with-dsym";
				ENABLE_NS_ASSERTIONS = NO;
				ENABLE_STRICT_OBJC_MSGSEND = YES;
				GCC_C_LANGUAGE_STANDARD = gnu99;
				GCC_NO_COMMON_BLOCKS = YES;
				GCC_WARN_64_TO_32_BIT_CONVERSION = YES;
				GCC_WARN_ABOUT_RETURN_TYPE = YES_ERROR;
				GCC_WARN_UNDECLARED_SELECTOR = YES;
				GCC_WARN_UNINITIALIZED_AUTOS = YES_AGGRESSIVE;
				GCC_WARN_UNUSED_FUNCTION = YES;
				GCC_WARN_UNUSED_VARIABLE = YES;
				IPHONEOS_DEPLOYMENT_TARGET = 8.3;
				MTL_ENABLE_DEBUG_INFO = NO;
				SDKROOT = iphoneos;
				VALIDATE_PRODUCT = YES;
			};
			name = Release;
		};
		C26DCA661B5CD5BE00C5C4E7 /* Debug */ = {
			isa = XCBuildConfiguration;
			buildSettings = {
				ASSETCATALOG_COMPILER_APPICON_NAME = AppIcon;
				INFOPLIST_FILE = Musics/Info.plist;
				LD_RUNPATH_SEARCH_PATHS = "$(inherited) @executable_path/Frameworks";
				PRODUCT_NAME = "$(TARGET_NAME)";
			};
			name = Debug;
		};
		C26DCA671B5CD5BE00C5C4E7 /* Release */ = {
			isa = XCBuildConfiguration;
			buildSettings = {
				ASSETCATALOG_COMPILER_APPICON_NAME = AppIcon;
				INFOPLIST_FILE = Musics/Info.plist;
				LD_RUNPATH_SEARCH_PATHS = "$(inherited) @executable_path/Frameworks";
				PRODUCT_NAME = "$(TARGET_NAME)";
			};
			name = Release;
		};
		C26DCA691B5CD5BE00C5C4E7 /* Debug */ = {
			isa = XCBuildConfiguration;
			buildSettings = {
				BUNDLE_LOADER = "$(TEST_HOST)";
				FRAMEWORK_SEARCH_PATHS = (
					"$(SDKROOT)/Developer/Library/Frameworks",
					"$(inherited)",
				);
				GCC_PREPROCESSOR_DEFINITIONS = (
					"DEBUG=1",
					"$(inherited)",
				);
				INFOPLIST_FILE = MusicsTests/Info.plist;
				LD_RUNPATH_SEARCH_PATHS = "$(inherited) @executable_path/Frameworks @loader_path/Frameworks";
				PRODUCT_NAME = "$(TARGET_NAME)";
				TEST_HOST = "$(BUILT_PRODUCTS_DIR)/Musics.app/Musics";
			};
			name = Debug;
		};
		C26DCA6A1B5CD5BE00C5C4E7 /* Release */ = {
			isa = XCBuildConfiguration;
			buildSettings = {
				BUNDLE_LOADER = "$(TEST_HOST)";
				FRAMEWORK_SEARCH_PATHS = (
					"$(SDKROOT)/Developer/Library/Frameworks",
					"$(inherited)",
				);
				INFOPLIST_FILE = MusicsTests/Info.plist;
				LD_RUNPATH_SEARCH_PATHS = "$(inherited) @executable_path/Frameworks @loader_path/Frameworks";
				PRODUCT_NAME = "$(TARGET_NAME)";
				TEST_HOST = "$(BUILT_PRODUCTS_DIR)/Musics.app/Musics";
			};
			name = Release;
		};
/* End XCBuildConfiguration section */

/* Begin XCConfigurationList section */
		C26DCA3D1B5CD5BE00C5C4E7 /* Build configuration list for PBXProject "Musics" */ = {
			isa = XCConfigurationList;
			buildConfigurations = (
				C26DCA631B5CD5BE00C5C4E7 /* Debug */,
				C26DCA641B5CD5BE00C5C4E7 /* Release */,
			);
			defaultConfigurationIsVisible = 0;
			defaultConfigurationName = Release;
		};
		C26DCA651B5CD5BE00C5C4E7 /* Build configuration list for PBXNativeTarget "Musics" */ = {
			isa = XCConfigurationList;
			buildConfigurations = (
				C26DCA661B5CD5BE00C5C4E7 /* Debug */,
				C26DCA671B5CD5BE00C5C4E7 /* Release */,
			);
			defaultConfigurationIsVisible = 0;
		};
		C26DCA681B5CD5BE00C5C4E7 /* Build configuration list for PBXNativeTarget "MusicsTests" */ = {
			isa = XCConfigurationList;
			buildConfigurations = (
				C26DCA691B5CD5BE00C5C4E7 /* Debug */,
				C26DCA6A1B5CD5BE00C5C4E7 /* Release */,
			);
			defaultConfigurationIsVisible = 0;
		};
/* End XCConfigurationList section */
	};
	rootObject = C26DCA3A1B5CD5BE00C5C4E7 /* Project object */;
}
